
Microsoft Visual Studio Solution File, Format Version 12.00
# Visual Studio 2013
VisualStudioVersion = 12.0.31101.0
MinimumVisualStudioVersion = 10.0.40219.1
Project("{FAE04EC0-301F-11D3-BF4B-00C04F79EFBC}") = "RedisWindowsNewRelicPlugin", "RedisWindowsNewRelicPlugin\RedisWindowsNewRelicPlugin.csproj", "{C369D0C1-1C9C-427E-ACC3-43EF84A7A9B4}"
EndProject
Project("{2150E333-8FDC-42A3-9474-1A3956D46DE8}") = "SDK", "SDK", "{E9C3EA48-BE5E-481F-9FF3-9E551D3A422E}"
EndProject
Project("{FAE04EC0-301F-11D3-BF4B-00C04F79EFBC}") = "NewRelic.Platform.Sdk", "NewRelicSDK\NewRelic.Platform.Sdk\NewRelic.Platform.Sdk.csproj", "{6A9DC6C5-280E-42B9-AE30-B66803DF20B6}"
EndProject
Global
	GlobalSection(SolutionConfigurationPlatforms) = preSolution
		Debug|Any CPU = Debug|Any CPU
		Release|Any CPU = Release|Any CPU
	EndGlobalSection
	GlobalSection(ProjectConfigurationPlatforms) = postSolution
		{C369D0C1-1C9C-427E-ACC3-43EF84A7A9B4}.Debug|Any CPU.ActiveCfg = Debug|Any CPU
		{C369D0C1-1C9C-427E-ACC3-43EF84A7A9B4}.Debug|Any CPU.Build.0 = Debug|Any CPU
		{C369D0C1-1C9C-427E-ACC3-43EF84A7A9B4}.Release|Any CPU.ActiveCfg = Release|Any CPU
		{C369D0C1-1C9C-427E-ACC3-43EF84A7A9B4}.Release|Any CPU.Build.0 = Release|Any CPU
		{6A9DC6C5-280E-42B9-AE30-B66803DF20B6}.Debug|Any CPU.ActiveCfg = Debug|Any CPU
		{6A9DC6C5-280E-42B9-AE30-B66803DF20B6}.Debug|Any CPU.Build.0 = Debug|Any CPU
		{6A9DC6C5-280E-42B9-AE30-B66803DF20B6}.Release|Any CPU.ActiveCfg = Release|Any CPU
		{6A9DC6C5-280E-42B9-AE30-B66803DF20B6}.Release|Any CPU.Build.0 = Release|Any CPU
	EndGlobalSection
	GlobalSection(SolutionProperties) = preSolution
		HideSolutionNode = FALSE
	EndGlobalSection
	GlobalSection(NestedProjects) = preSolution
		{6A9DC6C5-280E-42B9-AE30-B66803DF20B6} = {E9C3EA48-BE5E-481F-9FF3-9E551D3A422E}
	EndGlobalSection
EndGlobal
